// !$*UTF8*$!
{
	archiveVersion = 1;
	classes = {
	};
	objectVersion = 56;
	objects = {

/* Begin PBXBuildFile section */
		236932642AE56F4C000A38A6 /* WeatherAppApp.swift in Sources */ = {isa = PBXBuildFile; fileRef = 236932632AE56F4C000A38A6 /* WeatherAppApp.swift */; };
		236932662AE56F4C000A38A6 /* ContentView.swift in Sources */ = {isa = PBXBuildFile; fileRef = 236932652AE56F4C000A38A6 /* ContentView.swift */; };
		236932682AE56F4E000A38A6 /* Assets.xcassets in Resources */ = {isa = PBXBuildFile; fileRef = 236932672AE56F4E000A38A6 /* Assets.xcassets */; };
		2369326B2AE56F4E000A38A6 /* Preview Assets.xcassets in Resources */ = {isa = PBXBuildFile; fileRef = 2369326A2AE56F4E000A38A6 /* Preview Assets.xcassets */; };
		2369327A2AE5711F000A38A6 /* APIEnum.swift in Sources */ = {isa = PBXBuildFile; fileRef = 236932792AE5711F000A38A6 /* APIEnum.swift */; };
		2369327C2AE5784E000A38A6 /* WebService.swift in Sources */ = {isa = PBXBuildFile; fileRef = 2369327B2AE5784E000A38A6 /* WebService.swift */; };
		2369327E2AE57A44000A38A6 /* WeatherService.swift in Sources */ = {isa = PBXBuildFile; fileRef = 2369327D2AE57A44000A38A6 /* WeatherService.swift */; };
		236932802AE57B0F000A38A6 /* WeatherModel.swift in Sources */ = {isa = PBXBuildFile; fileRef = 2369327F2AE57B0F000A38A6 /* WeatherModel.swift */; };
		236932822AE57C70000A38A6 /* WeatherViewModel.swift in Sources */ = {isa = PBXBuildFile; fileRef = 236932812AE57C70000A38A6 /* WeatherViewModel.swift */; };
		236932842AE57CDC000A38A6 /* LocationManager.swift in Sources */ = {isa = PBXBuildFile; fileRef = 236932832AE57CDC000A38A6 /* LocationManager.swift */; };
		236932892AE58535000A38A6 /* ColorExtension.swift in Sources */ = {isa = PBXBuildFile; fileRef = 236932882AE58535000A38A6 /* ColorExtension.swift */; };
		2369328C2AE5872B000A38A6 /* WeatherHelper.swift in Sources */ = {isa = PBXBuildFile; fileRef = 2369328B2AE5872B000A38A6 /* WeatherHelper.swift */; };
		2369328E2AE5AD1F000A38A6 /* LoadingView.swift in Sources */ = {isa = PBXBuildFile; fileRef = 2369328D2AE5AD1F000A38A6 /* LoadingView.swift */; };
		236932922AE5B0C0000A38A6 /* WeatherView.swift in Sources */ = {isa = PBXBuildFile; fileRef = 236932912AE5B0C0000A38A6 /* WeatherView.swift */; };
		236932942AE5B311000A38A6 /* CityLocationView.swift in Sources */ = {isa = PBXBuildFile; fileRef = 236932932AE5B311000A38A6 /* CityLocationView.swift */; };
		236932962AE5B78C000A38A6 /* GradientButton.swift in Sources */ = {isa = PBXBuildFile; fileRef = 236932952AE5B78C000A38A6 /* GradientButton.swift */; };
/* End PBXBuildFile section */

/* Begin PBXFileReference section */
		236932602AE56F4C000A38A6 /* WeatherApp.app */ = {isa = PBXFileReference; explicitFileType = wrapper.application; includeInIndex = 0; path = WeatherApp.app; sourceTree = BUILT_PRODUCTS_DIR; };
		236932632AE56F4C000A38A6 /* WeatherAppApp.swift */ = {isa = PBXFileReference; lastKnownFileType = sourcecode.swift; path = WeatherAppApp.swift; sourceTree = "<group>"; };
		236932652AE56F4C000A38A6 /* ContentView.swift */ = {isa = PBXFileReference; lastKnownFileType = sourcecode.swift; path = ContentView.swift; sourceTree = "<group>"; };
		236932672AE56F4E000A38A6 /* Assets.xcassets */ = {isa = PBXFileReference; lastKnownFileType = folder.assetcatalog; path = Assets.xcassets; sourceTree = "<group>"; };
		2369326A2AE56F4E000A38A6 /* Preview Assets.xcassets */ = {isa = PBXFileReference; lastKnownFileType = folder.assetcatalog; path = "Preview Assets.xcassets"; sourceTree = "<group>"; };
		236932792AE5711F000A38A6 /* APIEnum.swift */ = {isa = PBXFileReference; lastKnownFileType = sourcecode.swift; path = APIEnum.swift; sourceTree = "<group>"; };
		2369327B2AE5784E000A38A6 /* WebService.swift */ = {isa = PBXFileReference; lastKnownFileType = sourcecode.swift; path = WebService.swift; sourceTree = "<group>"; };
		2369327D2AE57A44000A38A6 /* WeatherService.swift */ = {isa = PBXFileReference; lastKnownFileType = sourcecode.swift; path = WeatherService.swift; sourceTree = "<group>"; };
		2369327F2AE57B0F000A38A6 /* WeatherModel.swift */ = {isa = PBXFileReference; lastKnownFileType = sourcecode.swift; path = WeatherModel.swift; sourceTree = "<group>"; };
		236932812AE57C70000A38A6 /* WeatherViewModel.swift */ = {isa = PBXFileReference; lastKnownFileType = sourcecode.swift; path = WeatherViewModel.swift; sourceTree = "<group>"; };
		236932832AE57CDC000A38A6 /* LocationManager.swift */ = {isa = PBXFileReference; lastKnownFileType = sourcecode.swift; path = LocationManager.swift; sourceTree = "<group>"; };
		236932852AE57DE3000A38A6 /* Info.plist */ = {isa = PBXFileReference; lastKnownFileType = text.plist; path = Info.plist; sourceTree = "<group>"; };
		236932882AE58535000A38A6 /* ColorExtension.swift */ = {isa = PBXFileReference; lastKnownFileType = sourcecode.swift; path = ColorExtension.swift; sourceTree = "<group>"; };
		2369328B2AE5872B000A38A6 /* WeatherHelper.swift */ = {isa = PBXFileReference; lastKnownFileType = sourcecode.swift; path = WeatherHelper.swift; sourceTree = "<group>"; };
		2369328D2AE5AD1F000A38A6 /* LoadingView.swift */ = {isa = PBXFileReference; lastKnownFileType = sourcecode.swift; path = LoadingView.swift; sourceTree = "<group>"; };
		236932912AE5B0C0000A38A6 /* WeatherView.swift */ = {isa = PBXFileReference; lastKnownFileType = sourcecode.swift; path = WeatherView.swift; sourceTree = "<group>"; };
		236932932AE5B311000A38A6 /* CityLocationView.swift */ = {isa = PBXFileReference; lastKnownFileType = sourcecode.swift; path = CityLocationView.swift; sourceTree = "<group>"; };
		236932952AE5B78C000A38A6 /* GradientButton.swift */ = {isa = PBXFileReference; lastKnownFileType = sourcecode.swift; path = GradientButton.swift; sourceTree = "<group>"; };
/* End PBXFileReference section */

/* Begin PBXFrameworksBuildPhase section */
		2369325D2AE56F4C000A38A6 /* Frameworks */ = {
			isa = PBXFrameworksBuildPhase;
			buildActionMask = 2147483647;
			files = (
			);
			runOnlyForDeploymentPostprocessing = 0;
		};
/* End PBXFrameworksBuildPhase section */

/* Begin PBXGroup section */
		236932572AE56F4C000A38A6 = {
			isa = PBXGroup;
			children = (
				236932622AE56F4C000A38A6 /* WeatherApp */,
				236932612AE56F4C000A38A6 /* Products */,
			);
			sourceTree = "<group>";
		};
		236932612AE56F4C000A38A6 /* Products */ = {
			isa = PBXGroup;
			children = (
				236932602AE56F4C000A38A6 /* WeatherApp.app */,
			);
			name = Products;
			sourceTree = "<group>";
		};
		236932622AE56F4C000A38A6 /* WeatherApp */ = {
			isa = PBXGroup;
			children = (
				236932852AE57DE3000A38A6 /* Info.plist */,
				236932742AE57014000A38A6 /* Networking */,
				236932782AE57059000A38A6 /* Resource */,
				236932752AE5701C000A38A6 /* Utility */,
				236932722AE57009000A38A6 /* Model */,
				236932712AE57004000A38A6 /* View */,
				236932732AE5700E000A38A6 /* View Model */,
				236932692AE56F4E000A38A6 /* Preview Content */,
				236932632AE56F4C000A38A6 /* WeatherAppApp.swift */,
			);
			path = WeatherApp;
			sourceTree = "<group>";
		};
		236932692AE56F4E000A38A6 /* Preview Content */ = {
			isa = PBXGroup;
			children = (
				2369326A2AE56F4E000A38A6 /* Preview Assets.xcassets */,
			);
			path = "Preview Content";
			sourceTree = "<group>";
		};
		236932712AE57004000A38A6 /* View */ = {
			isa = PBXGroup;
			children = (
				236932772AE57044000A38A6 /* Components */,
				236932652AE56F4C000A38A6 /* ContentView.swift */,
				2369328D2AE5AD1F000A38A6 /* LoadingView.swift */,
				236932912AE5B0C0000A38A6 /* WeatherView.swift */,
				236932932AE5B311000A38A6 /* CityLocationView.swift */,
			);
			path = View;
			sourceTree = "<group>";
		};
		236932722AE57009000A38A6 /* Model */ = {
			isa = PBXGroup;
			children = (
				2369327F2AE57B0F000A38A6 /* WeatherModel.swift */,
			);
			path = Model;
			sourceTree = "<group>";
		};
		236932732AE5700E000A38A6 /* View Model */ = {
			isa = PBXGroup;
			children = (
				236932812AE57C70000A38A6 /* WeatherViewModel.swift */,
			);
			path = "View Model";
			sourceTree = "<group>";
		};
		236932742AE57014000A38A6 /* Networking */ = {
			isa = PBXGroup;
			children = (
				236932792AE5711F000A38A6 /* APIEnum.swift */,
				2369327B2AE5784E000A38A6 /* WebService.swift */,
				2369327D2AE57A44000A38A6 /* WeatherService.swift */,
			);
			path = Networking;
			sourceTree = "<group>";
		};
		236932752AE5701C000A38A6 /* Utility */ = {
			isa = PBXGroup;
			children = (
				236932832AE57CDC000A38A6 /* LocationManager.swift */,
				236932882AE58535000A38A6 /* ColorExtension.swift */,
				2369328B2AE5872B000A38A6 /* WeatherHelper.swift */,
			);
			path = Utility;
			sourceTree = "<group>";
		};
		236932772AE57044000A38A6 /* Components */ = {
			isa = PBXGroup;
			children = (
				236932952AE5B78C000A38A6 /* GradientButton.swift */,
			);
			path = Components;
			sourceTree = "<group>";
		};
		236932782AE57059000A38A6 /* Resource */ = {
			isa = PBXGroup;
			children = (
				236932672AE56F4E000A38A6 /* Assets.xcassets */,
			);
			path = Resource;
			sourceTree = "<group>";
		};
/* End PBXGroup section */

/* Begin PBXNativeTarget section */
		2369325F2AE56F4C000A38A6 /* WeatherApp */ = {
			isa = PBXNativeTarget;
			buildConfigurationList = 2369326E2AE56F4E000A38A6 /* Build configuration list for PBXNativeTarget "WeatherApp" */;
			buildPhases = (
				2369325C2AE56F4C000A38A6 /* Sources */,
				2369325D2AE56F4C000A38A6 /* Frameworks */,
				2369325E2AE56F4C000A38A6 /* Resources */,
			);
			buildRules = (
			);
			dependencies = (
			);
			name = WeatherApp;
			productName = WeatherApp;
			productReference = 236932602AE56F4C000A38A6 /* WeatherApp.app */;
			productType = "com.apple.product-type.application";
		};
/* End PBXNativeTarget section */

/* Begin PBXProject section */
		236932582AE56F4C000A38A6 /* Project object */ = {
			isa = PBXProject;
			attributes = {
				BuildIndependentTargetsInParallel = 1;
				LastSwiftUpdateCheck = 1500;
				LastUpgradeCheck = 1500;
				TargetAttributes = {
					2369325F2AE56F4C000A38A6 = {
						CreatedOnToolsVersion = 15.0;
					};
				};
			};
			buildConfigurationList = 2369325B2AE56F4C000A38A6 /* Build configuration list for PBXProject "WeatherApp" */;
			compatibilityVersion = "Xcode 14.0";
			developmentRegion = en;
			hasScannedForEncodings = 0;
			knownRegions = (
				en,
				Base,
			);
			mainGroup = 236932572AE56F4C000A38A6;
			productRefGroup = 236932612AE56F4C000A38A6 /* Products */;
			projectDirPath = "";
			projectRoot = "";
			targets = (
				2369325F2AE56F4C000A38A6 /* WeatherApp */,
			);
		};
/* End PBXProject section */

/* Begin PBXResourcesBuildPhase section */
		2369325E2AE56F4C000A38A6 /* Resources */ = {
			isa = PBXResourcesBuildPhase;
			buildActionMask = 2147483647;
			files = (
				2369326B2AE56F4E000A38A6 /* Preview Assets.xcassets in Resources */,
				236932682AE56F4E000A38A6 /* Assets.xcassets in Resources */,
			);
			runOnlyForDeploymentPostprocessing = 0;
		};
/* End PBXResourcesBuildPhase section */

/* Begin PBXSourcesBuildPhase section */
		2369325C2AE56F4C000A38A6 /* Sources */ = {
			isa = PBXSourcesBuildPhase;
			buildActionMask = 2147483647;
			files = (
				2369327E2AE57A44000A38A6 /* WeatherService.swift in Sources */,
				236932662AE56F4C000A38A6 /* ContentView.swift in Sources */,
				2369328C2AE5872B000A38A6 /* WeatherHelper.swift in Sources */,
				236932922AE5B0C0000A38A6 /* WeatherView.swift in Sources */,
				2369328E2AE5AD1F000A38A6 /* LoadingView.swift in Sources */,
				236932942AE5B311000A38A6 /* CityLocationView.swift in Sources */,
				2369327A2AE5711F000A38A6 /* APIEnum.swift in Sources */,
				236932962AE5B78C000A38A6 /* GradientButton.swift in Sources */,
				236932892AE58535000A38A6 /* ColorExtension.swift in Sources */,
				236932822AE57C70000A38A6 /* WeatherViewModel.swift in Sources */,
				236932842AE57CDC000A38A6 /* LocationManager.swift in Sources */,
				2369327C2AE5784E000A38A6 /* WebService.swift in Sources */,
				236932802AE57B0F000A38A6 /* WeatherModel.swift in Sources */,
				236932642AE56F4C000A38A6 /* WeatherAppApp.swift in Sources */,
			);
			runOnlyForDeploymentPostprocessing = 0;
		};
/* End PBXSourcesBuildPhase section */

/* Begin XCBuildConfiguration section */
		2369326C2AE56F4E000A38A6 /* Debug */ = {
			isa = XCBuildConfiguration;
			buildSettings = {
				ALWAYS_SEARCH_USER_PATHS = NO;
				ASSETCATALOG_COMPILER_GENERATE_SWIFT_ASSET_SYMBOL_EXTENSIONS = YES;
				CLANG_ANALYZER_NONNULL = YES;
				CLANG_ANALYZER_NUMBER_OBJECT_CONVERSION = YES_AGGRESSIVE;
				CLANG_CXX_LANGUAGE_STANDARD = "gnu++20";
				CLANG_ENABLE_MODULES = YES;
				CLANG_ENABLE_OBJC_ARC = YES;
				CLANG_ENABLE_OBJC_WEAK = YES;
				CLANG_WARN_BLOCK_CAPTURE_AUTORELEASING = YES;
				CLANG_WARN_BOOL_CONVERSION = YES;
				CLANG_WARN_COMMA = YES;
				CLANG_WARN_CONSTANT_CONVERSION = YES;
				CLANG_WARN_DEPRECATED_OBJC_IMPLEMENTATIONS = YES;
				CLANG_WARN_DIRECT_OBJC_ISA_USAGE = YES_ERROR;
				CLANG_WARN_DOCUMENTATION_COMMENTS = YES;
				CLANG_WARN_EMPTY_BODY = YES;
				CLANG_WARN_ENUM_CONVERSION = YES;
				CLANG_WARN_INFINITE_RECURSION = YES;
				CLANG_WARN_INT_CONVERSION = YES;
				CLANG_WARN_NON_LITERAL_NULL_CONVERSION = YES;
				CLANG_WARN_OBJC_IMPLICIT_RETAIN_SELF = YES;
				CLANG_WARN_OBJC_LITERAL_CONVERSION = YES;
				CLANG_WARN_OBJC_ROOT_CLASS = YES_ERROR;
				CLANG_WARN_QUOTED_INCLUDE_IN_FRAMEWORK_HEADER = YES;
				CLANG_WARN_RANGE_LOOP_ANALYSIS = YES;
				CLANG_WARN_STRICT_PROTOTYPES = YES;
				CLANG_WARN_SUSPICIOUS_MOVE = YES;
				CLANG_WARN_UNGUARDED_AVAILABILITY = YES_AGGRESSIVE;
				CLANG_WARN_UNREACHABLE_CODE = YES;
				CLANG_WARN__DUPLICATE_METHOD_MATCH = YES;
				COPY_PHASE_STRIP = NO;
				DEBUG_INFORMATION_FORMAT = dwarf;
				ENABLE_STRICT_OBJC_MSGSEND = YES;
				ENABLE_TESTABILITY = YES;
				ENABLE_USER_SCRIPT_SANDBOXING = YES;
				GCC_C_LANGUAGE_STANDARD = gnu17;
				GCC_DYNAMIC_NO_PIC = NO;
				GCC_NO_COMMON_BLOCKS = YES;
				GCC_OPTIMIZATION_LEVEL = 0;
				GCC_PREPROCESSOR_DEFINITIONS = (
					"DEBUG=1",
					"$(inherited)",
				);
				GCC_WARN_64_TO_32_BIT_CONVERSION = YES;
				GCC_WARN_ABOUT_RETURN_TYPE = YES_ERROR;
				GCC_WARN_UNDECLARED_SELECTOR = YES;
				GCC_WARN_UNINITIALIZED_AUTOS = YES_AGGRESSIVE;
				GCC_WARN_UNUSED_FUNCTION = YES;
				GCC_WARN_UNUSED_VARIABLE = YES;
				IPHONEOS_DEPLOYMENT_TARGET = 17.0;
				LOCALIZATION_PREFERS_STRING_CATALOGS = YES;
				MTL_ENABLE_DEBUG_INFO = INCLUDE_SOURCE;
				MTL_FAST_MATH = YES;
				ONLY_ACTIVE_ARCH = YES;
				SDKROOT = iphoneos;
				SWIFT_ACTIVE_COMPILATION_CONDITIONS = "DEBUG $(inherited)";
				SWIFT_OPTIMIZATION_LEVEL = "-Onone";
			};
			name = Debug;
		};
		2369326D2AE56F4E000A38A6 /* Release */ = {
			isa = XCBuildConfiguration;
			buildSettings = {
				ALWAYS_SEARCH_USER_PATHS = NO;
				ASSETCATALOG_COMPILER_GENERATE_SWIFT_ASSET_SYMBOL_EXTENSIONS = YES;
				CLANG_ANALYZER_NONNULL = YES;
				CLANG_ANALYZER_NUMBER_OBJECT_CONVERSION = YES_AGGRESSIVE;
				CLANG_CXX_LANGUAGE_STANDARD = "gnu++20";
				CLANG_ENABLE_MODULES = YES;
				CLANG_ENABLE_OBJC_ARC = YES;
				CLANG_ENABLE_OBJC_WEAK = YES;
				CLANG_WARN_BLOCK_CAPTURE_AUTORELEASING = YES;
				CLANG_WARN_BOOL_CONVERSION = YES;
				CLANG_WARN_COMMA = YES;
				CLANG_WARN_CONSTANT_CONVERSION = YES;
				CLANG_WARN_DEPRECATED_OBJC_IMPLEMENTATIONS = YES;
				CLANG_WARN_DIRECT_OBJC_ISA_USAGE = YES_ERROR;
				CLANG_WARN_DOCUMENTATION_COMMENTS = YES;
				CLANG_WARN_EMPTY_BODY = YES;
				CLANG_WARN_ENUM_CONVERSION = YES;
				CLANG_WARN_INFINITE_RECURSION = YES;
				CLANG_WARN_INT_CONVERSION = YES;
				CLANG_WARN_NON_LITERAL_NULL_CONVERSION = YES;
				CLANG_WARN_OBJC_IMPLICIT_RETAIN_SELF = YES;
				CLANG_WARN_OBJC_LITERAL_CONVERSION = YES;
				CLANG_WARN_OBJC_ROOT_CLASS = YES_ERROR;
				CLANG_WARN_QUOTED_INCLUDE_IN_FRAMEWORK_HEADER = YES;
				CLANG_WARN_RANGE_LOOP_ANALYSIS = YES;
				CLANG_WARN_STRICT_PROTOTYPES = YES;
				CLANG_WARN_SUSPICIOUS_MOVE = YES;
				CLANG_WARN_UNGUARDED_AVAILABILITY = YES_AGGRESSIVE;
				CLANG_WARN_UNREACHABLE_CODE = YES;
				CLANG_WARN__DUPLICATE_METHOD_MATCH = YES;
				COPY_PHASE_STRIP = NO;
				DEBUG_INFORMATION_FORMAT = "dwarf-with-dsym";
				ENABLE_NS_ASSERTIONS = NO;
				ENABLE_STRICT_OBJC_MSGSEND = YES;
				ENABLE_USER_SCRIPT_SANDBOXING = YES;
				GCC_C_LANGUAGE_STANDARD = gnu17;
				GCC_NO_COMMON_BLOCKS = YES;
				GCC_WARN_64_TO_32_BIT_CONVERSION = YES;
				GCC_WARN_ABOUT_RETURN_TYPE = YES_ERROR;
				GCC_WARN_UNDECLARED_SELECTOR = YES;
				GCC_WARN_UNINITIALIZED_AUTOS = YES_AGGRESSIVE;
				GCC_WARN_UNUSED_FUNCTION = YES;
				GCC_WARN_UNUSED_VARIABLE = YES;
				IPHONEOS_DEPLOYMENT_TARGET = 17.0;
				LOCALIZATION_PREFERS_STRING_CATALOGS = YES;
				MTL_ENABLE_DEBUG_INFO = NO;
				MTL_FAST_MATH = YES;
				SDKROOT = iphoneos;
				SWIFT_COMPILATION_MODE = wholemodule;
				VALIDATE_PRODUCT = YES;
			};
			name = Release;
		};
		2369326F2AE56F4E000A38A6 /* Debug */ = {
			isa = XCBuildConfiguration;
			buildSettings = {
				ASSETCATALOG_COMPILER_APPICON_NAME = AppIcon;
				ASSETCATALOG_COMPILER_GLOBAL_ACCENT_COLOR_NAME = AccentColor;
				CODE_SIGN_STYLE = Automatic;
				CURRENT_PROJECT_VERSION = 1;
				DEVELOPMENT_ASSET_PATHS = "\"WeatherApp/Preview Content\"";
				ENABLE_PREVIEWS = YES;
				GENERATE_INFOPLIST_FILE = YES;
				INFOPLIST_FILE = WeatherApp/Info.plist;
				INFOPLIST_KEY_NSLocationAlwaysUsageDescription = "App requires current location to fetch weather";
				INFOPLIST_KEY_NSLocationWhenInUseUsageDescription = "App requires current location to fetch weather";
				INFOPLIST_KEY_UIApplicationSceneManifest_Generation = YES;
				INFOPLIST_KEY_UIApplicationSupportsIndirectInputEvents = YES;
				INFOPLIST_KEY_UILaunchScreen_Generation = YES;
				INFOPLIST_KEY_UISupportedInterfaceOrientations_iPad = "UIInterfaceOrientationPortrait UIInterfaceOrientationPortraitUpsideDown UIInterfaceOrientationLandscapeLeft UIInterfaceOrientationLandscapeRight";
				INFOPLIST_KEY_UISupportedInterfaceOrientations_iPhone = "UIInterfaceOrientationPortrait UIInterfaceOrientationLandscapeLeft UIInterfaceOrientationLandscapeRight";
				LD_RUNPATH_SEARCH_PATHS = (
					"$(inherited)",
					"@executable_path/Frameworks",
				);
				MARKETING_VERSION = 1.0;
				PRODUCT_BUNDLE_IDENTIFIER = mideveloper.com.WeatherApp;
				PRODUCT_NAME = "$(TARGET_NAME)";
				SWIFT_EMIT_LOC_STRINGS = YES;
				SWIFT_VERSION = 5.0;
				TARGETED_DEVICE_FAMILY = "1,2";
			};
			name = Debug;
		};
		236932702AE56F4E000A38A6 /* Release */ = {
			isa = XCBuildConfiguration;
			buildSettings = {
				ASSETCATALOG_COMPILER_APPICON_NAME = AppIcon;
				ASSETCATALOG_COMPILER_GLOBAL_ACCENT_COLOR_NAME = AccentColor;
				CODE_SIGN_STYLE = Automatic;
				CURRENT_PROJECT_VERSION = 1;
				DEVELOPMENT_ASSET_PATHS = "\"WeatherApp/Preview Content\"";
				ENABLE_PREVIEWS = YES;
				GENERATE_INFOPLIST_FILE = YES;
				INFOPLIST_FILE = WeatherApp/Info.plist;
				INFOPLIST_KEY_NSLocationAlwaysUsageDescription = "App requires current location to fetch weather";
				INFOPLIST_KEY_NSLocationWhenInUseUsageDescription = "App requires current location to fetch weather";
				INFOPLIST_KEY_UIApplicationSceneManifest_Generation = YES;
				INFOPLIST_KEY_UIApplicationSupportsIndirectInputEvents = YES;
				INFOPLIST_KEY_UILaunchScreen_Generation = YES;
				INFOPLIST_KEY_UISupportedInterfaceOrientations_iPad = "UIInterfaceOrientationPortrait UIInterfaceOrientationPortraitUpsideDown UIInterfaceOrientationLandscapeLeft UIInterfaceOrientationLandscapeRight";
				INFOPLIST_KEY_UISupportedInterfaceOrientations_iPhone = "UIInterfaceOrientationPortrait UIInterfaceOrientationLandscapeLeft UIInterfaceOrientationLandscapeRight";
				LD_RUNPATH_SEARCH_PATHS = (
					"$(inherited)",
					"@executable_path/Frameworks",
				);
				MARKETING_VERSION = 1.0;
				PRODUCT_BUNDLE_IDENTIFIER = mideveloper.com.WeatherApp;
				PRODUCT_NAME = "$(TARGET_NAME)";
				SWIFT_EMIT_LOC_STRINGS = YES;
				SWIFT_VERSION = 5.0;
				TARGETED_DEVICE_FAMILY = "1,2";
			};
			name = Release;
		};
/* End XCBuildConfiguration section */

/* Begin XCConfigurationList section */
		2369325B2AE56F4C000A38A6 /* Build configuration list for PBXProject "WeatherApp" */ = {
			isa = XCConfigurationList;
			buildConfigurations = (
				2369326C2AE56F4E000A38A6 /* Debug */,
				2369326D2AE56F4E000A38A6 /* Release */,
			);
			defaultConfigurationIsVisible = 0;
			defaultConfigurationName = Release;
		};
		2369326E2AE56F4E000A38A6 /* Build configuration list for PBXNativeTarget "WeatherApp" */ = {
			isa = XCConfigurationList;
			buildConfigurations = (
				2369326F2AE56F4E000A38A6 /* Debug */,
				236932702AE56F4E000A38A6 /* Release */,
			);
			defaultConfigurationIsVisible = 0;
			defaultConfigurationName = Release;
		};
/* End XCConfigurationList section */
	};
	rootObject = 236932582AE56F4C000A38A6 /* Project object */;
}
